[[package]]
name = "pysimplegui"
version = "4.59.0"
description = "Python GUIs for Humans. Launched in 2018. It's 2022 & PySimpleGUI is an ACTIVE & supported project. Super-simple to create custom GUI's. 325+ Demo programs & Cookbook for rapid start. Extensive documentation. Main docs at www.PySimpleGUI.org. Fun & your success are the focus. Examples using Machine Learning (GUI, OpenCV Integration), Rainmeter Style Desktop Widgets, Matplotlib + Pyplot, PIL support, add GUI to command line scripts, PDF & Image Viewers. Great for beginners & advanced GUI programmers."
category = "main"
optional = false
python-versions = "*"

[metadata]
lock-version = "1.1"
python-versions = "^3.10"
content-hash = "6adf78d47941ed7e368ad861798671e38c7aabbde728c14bb67717bd83d582a4"

[metadata.files]
pysimplegui = [
    {file = "PySimpleGUI-4.59.0-py3-none-any.whl", hash = "sha256:1642db0b2cbe59c50da40b86af51cda3abbda6ddcad40bd04c0a0550112b3d46"},
    {file = "PySimpleGUI-4.59.0.tar.gz", hash = "sha256:196e81c0a437eac4893595f2ee69515b9841e608d351bd3c577dd7a913454f51"},
]
